
Microsoft Visual Studio Solution File, Format Version 12.00
# Visual Studio Version 17
VisualStudioVersion = 17.7.34031.279
MinimumVisualStudioVersion = 10.0.40219.1
Project("{FAE04EC0-301F-11D3-BF4B-00C04F79EFBC}") = "BullsAndCows", "BullsAndCows\BullsAndCows.csproj", "{83696E1D-EF1F-46DA-A66A-07505AF23AF5}"
EndProject
Global
	GlobalSection(SolutionConfigurationPlatforms) = preSolution
		Debug|Any CPU = Debug|Any CPU
		Release|Any CPU = Release|Any CPU
	EndGlobalSection
	GlobalSection(ProjectConfigurationPlatforms) = postSolution
		{83696E1D-EF1F-46DA-A66A-07505AF23AF5}.Debug|Any CPU.ActiveCfg = Debug|Any CPU
		{83696E1D-EF1F-46DA-A66A-07505AF23AF5}.Debug|Any CPU.Build.0 = Debug|Any CPU
		{83696E1D-EF1F-46DA-A66A-07505AF23AF5}.Release|Any CPU.ActiveCfg = Release|Any CPU
		{83696E1D-EF1F-46DA-A66A-07505AF23AF5}.Release|Any CPU.Build.0 = Release|Any CPU
	EndGlobalSection
	GlobalSection(SolutionProperties) = preSolution
		HideSolutionNode = FALSE
	EndGlobalSection
	GlobalSection(ExtensibilityGlobals) = postSolution
		SolutionGuid = {B4B063AC-8EF6-4FBE-9031-D60CD351E8A7}
	EndGlobalSection
EndGlobal
